
Microsoft Visual Studio Solution File, Format Version 12.00
# Visual Studio 14
VisualStudioVersion = 14.0.25420.1
MinimumVisualStudioVersion = 10.0.40219.1
Project("{FAE04EC0-301F-11D3-BF4B-00C04F79EFBC}") = "test0608_WS", "test0608_WS\test0608_WS.csproj", "{0BAA9E4C-378B-47E7-A00C-A1E561AD4408}"
EndProject
Project("{FAE04EC0-301F-11D3-BF4B-00C04F79EFBC}") = "test0608_testWS", "test0608_testWS\test0608_testWS.csproj", "{F81B33F7-00E5-483D-884E-11842C158942}"
EndProject
Global
	GlobalSection(SolutionConfigurationPlatforms) = preSolution
		Debug|Any CPU = Debug|Any CPU
		Release|Any CPU = Release|Any CPU
	EndGlobalSection
	GlobalSection(ProjectConfigurationPlatforms) = postSolution
		{0BAA9E4C-378B-47E7-A00C-A1E561AD4408}.Debug|Any CPU.ActiveCfg = Debug|Any CPU
		{0BAA9E4C-378B-47E7-A00C-A1E561AD4408}.Debug|Any CPU.Build.0 = Debug|Any CPU
		{0BAA9E4C-378B-47E7-A00C-A1E561AD4408}.Release|Any CPU.ActiveCfg = Release|Any CPU
		{0BAA9E4C-378B-47E7-A00C-A1E561AD4408}.Release|Any CPU.Build.0 = Release|Any CPU
		{F81B33F7-00E5-483D-884E-11842C158942}.Debug|Any CPU.ActiveCfg = Debug|Any CPU
		{F81B33F7-00E5-483D-884E-11842C158942}.Debug|Any CPU.Build.0 = Debug|Any CPU
		{F81B33F7-00E5-483D-884E-11842C158942}.Release|Any CPU.ActiveCfg = Release|Any CPU
		{F81B33F7-00E5-483D-884E-11842C158942}.Release|Any CPU.Build.0 = Release|Any CPU
	EndGlobalSection
	GlobalSection(SolutionProperties) = preSolution
		HideSolutionNode = FALSE
	EndGlobalSection
EndGlobal
